
Microsoft Visual Studio Solution File, Format Version 12.00
# Visual Studio 15
VisualStudioVersion = 15.0.28307.902
MinimumVisualStudioVersion = 10.0.40219.1
Project("{FAE04EC0-301F-11D3-BF4B-00C04F79EFBC}") = "A20  Ex02 Yuval 311246581 Aya 311357537", "A20  EX01 Yuval 311246581 Aya 311357537\A20  Ex02 Yuval 311246581 Aya 311357537.csproj", "{8EE2F681-7BB4-4A6C-A073-E154A5997166}"
EndProject
Project("{2150E333-8FDC-42A3-9474-1A3956D46DE8}") = "Solution Items", "Solution Items", "{5A0863B7-36A4-40B2-8FE0-ABF2FD361663}"
	ProjectSection(SolutionItems) = preProject
		Exercise Checking Report.txt = Exercise Checking Report.txt
	EndProjectSection
EndProject
Global
	GlobalSection(SolutionConfigurationPlatforms) = preSolution
		Debug|Any CPU = Debug|Any CPU
		Release|Any CPU = Release|Any CPU
	EndGlobalSection
	GlobalSection(ProjectConfigurationPlatforms) = postSolution
		{8EE2F681-7BB4-4A6C-A073-E154A5997166}.Debug|Any CPU.ActiveCfg = Debug|Any CPU
		{8EE2F681-7BB4-4A6C-A073-E154A5997166}.Debug|Any CPU.Build.0 = Debug|Any CPU
		{8EE2F681-7BB4-4A6C-A073-E154A5997166}.Release|Any CPU.ActiveCfg = Release|Any CPU
		{8EE2F681-7BB4-4A6C-A073-E154A5997166}.Release|Any CPU.Build.0 = Release|Any CPU
	EndGlobalSection
	GlobalSection(SolutionProperties) = preSolution
		HideSolutionNode = FALSE
	EndGlobalSection
	GlobalSection(ExtensibilityGlobals) = postSolution
		SolutionGuid = {20C5A22E-BFB5-49A3-BE66-295B740BD895}
	EndGlobalSection
EndGlobal
